
Microsoft Visual Studio Solution File, Format Version 12.00
# Visual Studio Version 17
VisualStudioVersion = 17.8.34316.72
MinimumVisualStudioVersion = 10.0.40219.1
Project("{2150E333-8FDC-42A3-9474-1A3956D46DE8}") = "src", "src", "{67B305FE-2B29-48DE-8C62-5EEF898B5AF5}"
EndProject
Project("{2150E333-8FDC-42A3-9474-1A3956D46DE8}") = "Infrastructure", "Infrastructure", "{D6E25CA8-8AA3-4DF9-9EC8-A0DBACFCCC90}"
EndProject
Project("{9A19103F-16F7-4668-BE54-9A1E7A4F7556}") = "Persistence", "src\Infrastructure\Persistence\Persistence.csproj", "{A3080056-7D2B-448E-831E-AD28A188B2AC}"
EndProject
Project("{FAE04EC0-301F-11D3-BF4B-00C04F79EFBC}") = "Infrastructure", "src\Infrastructure\Infrastructure\Infrastructure.csproj", "{E4368040-DEB2-445E-993E-393DDF483B35}"
EndProject
Project("{2150E333-8FDC-42A3-9474-1A3956D46DE8}") = "corePackages", "corePackages", "{54890997-5161-46EC-A305-6B102EF2FAA0}"
EndProject
Project("{FAE04EC0-301F-11D3-BF4B-00C04F79EFBC}") = "Core.Application", "src\corePackages\Core.Application\Core.Application.csproj", "{FD9DFBC9-C3DC-4403-88B3-DEE833E4F2D0}"
EndProject
Project("{FAE04EC0-301F-11D3-BF4B-00C04F79EFBC}") = "Core.CrossCuttingConcerns", "src\corePackages\Core.CrossCuttingConcerns\Core.CrossCuttingConcerns.csproj", "{4E3983C0-39D3-4AE1-B4C9-DC13D5B4FA33}"
EndProject
Project("{FAE04EC0-301F-11D3-BF4B-00C04F79EFBC}") = "Core.Security", "src\corePackages\Core.Security\Core.Security.csproj", "{D8CA61F0-B56C-482D-8A38-3EA02823C6CC}"
EndProject
Project("{FAE04EC0-301F-11D3-BF4B-00C04F79EFBC}") = "Core.Persistence", "src\corePackages\Core.Persistence\Core.Persistence.csproj", "{237C2005-4B32-42D5-A6A9-39A271A09687}"
EndProject
Project("{FAE04EC0-301F-11D3-BF4B-00C04F79EFBC}") = "Application", "src\Application\Application.csproj", "{14F41A36-7483-4918-BB70-D2D314592DD7}"
EndProject
Project("{FAE04EC0-301F-11D3-BF4B-00C04F79EFBC}") = "Domain", "src\Domain\Domain.csproj", "{FCB2C07A-0873-41BA-9369-86A7FA9661DA}"
EndProject
Project("{FAE04EC0-301F-11D3-BF4B-00C04F79EFBC}") = "API", "src\API\API.csproj", "{A8CF6516-F242-4804-808E-9196B77F6D69}"
EndProject
Global
	GlobalSection(SolutionConfigurationPlatforms) = preSolution
		Debug|Any CPU = Debug|Any CPU
		Release|Any CPU = Release|Any CPU
	EndGlobalSection
	GlobalSection(ProjectConfigurationPlatforms) = postSolution
		{A3080056-7D2B-448E-831E-AD28A188B2AC}.Debug|Any CPU.ActiveCfg = Debug|Any CPU
		{A3080056-7D2B-448E-831E-AD28A188B2AC}.Debug|Any CPU.Build.0 = Debug|Any CPU
		{A3080056-7D2B-448E-831E-AD28A188B2AC}.Release|Any CPU.ActiveCfg = Release|Any CPU
		{A3080056-7D2B-448E-831E-AD28A188B2AC}.Release|Any CPU.Build.0 = Release|Any CPU
		{E4368040-DEB2-445E-993E-393DDF483B35}.Debug|Any CPU.ActiveCfg = Debug|Any CPU
		{E4368040-DEB2-445E-993E-393DDF483B35}.Debug|Any CPU.Build.0 = Debug|Any CPU
		{E4368040-DEB2-445E-993E-393DDF483B35}.Release|Any CPU.ActiveCfg = Release|Any CPU
		{E4368040-DEB2-445E-993E-393DDF483B35}.Release|Any CPU.Build.0 = Release|Any CPU
		{FD9DFBC9-C3DC-4403-88B3-DEE833E4F2D0}.Debug|Any CPU.ActiveCfg = Debug|Any CPU
		{FD9DFBC9-C3DC-4403-88B3-DEE833E4F2D0}.Debug|Any CPU.Build.0 = Debug|Any CPU
		{FD9DFBC9-C3DC-4403-88B3-DEE833E4F2D0}.Release|Any CPU.ActiveCfg = Release|Any CPU
		{FD9DFBC9-C3DC-4403-88B3-DEE833E4F2D0}.Release|Any CPU.Build.0 = Release|Any CPU
		{4E3983C0-39D3-4AE1-B4C9-DC13D5B4FA33}.Debug|Any CPU.ActiveCfg = Debug|Any CPU
		{4E3983C0-39D3-4AE1-B4C9-DC13D5B4FA33}.Debug|Any CPU.Build.0 = Debug|Any CPU
		{4E3983C0-39D3-4AE1-B4C9-DC13D5B4FA33}.Release|Any CPU.ActiveCfg = Release|Any CPU
		{4E3983C0-39D3-4AE1-B4C9-DC13D5B4FA33}.Release|Any CPU.Build.0 = Release|Any CPU
		{D8CA61F0-B56C-482D-8A38-3EA02823C6CC}.Debug|Any CPU.ActiveCfg = Debug|Any CPU
		{D8CA61F0-B56C-482D-8A38-3EA02823C6CC}.Debug|Any CPU.Build.0 = Debug|Any CPU
		{D8CA61F0-B56C-482D-8A38-3EA02823C6CC}.Release|Any CPU.ActiveCfg = Release|Any CPU
		{D8CA61F0-B56C-482D-8A38-3EA02823C6CC}.Release|Any CPU.Build.0 = Release|Any CPU
		{237C2005-4B32-42D5-A6A9-39A271A09687}.Debug|Any CPU.ActiveCfg = Debug|Any CPU
		{237C2005-4B32-42D5-A6A9-39A271A09687}.Debug|Any CPU.Build.0 = Debug|Any CPU
		{237C2005-4B32-42D5-A6A9-39A271A09687}.Release|Any CPU.ActiveCfg = Release|Any CPU
		{237C2005-4B32-42D5-A6A9-39A271A09687}.Release|Any CPU.Build.0 = Release|Any CPU
		{14F41A36-7483-4918-BB70-D2D314592DD7}.Debug|Any CPU.ActiveCfg = Debug|Any CPU
		{14F41A36-7483-4918-BB70-D2D314592DD7}.Debug|Any CPU.Build.0 = Debug|Any CPU
		{14F41A36-7483-4918-BB70-D2D314592DD7}.Release|Any CPU.ActiveCfg = Release|Any CPU
		{14F41A36-7483-4918-BB70-D2D314592DD7}.Release|Any CPU.Build.0 = Release|Any CPU
		{FCB2C07A-0873-41BA-9369-86A7FA9661DA}.Debug|Any CPU.ActiveCfg = Debug|Any CPU
		{FCB2C07A-0873-41BA-9369-86A7FA9661DA}.Debug|Any CPU.Build.0 = Debug|Any CPU
		{FCB2C07A-0873-41BA-9369-86A7FA9661DA}.Release|Any CPU.ActiveCfg = Release|Any CPU
		{FCB2C07A-0873-41BA-9369-86A7FA9661DA}.Release|Any CPU.Build.0 = Release|Any CPU
		{A8CF6516-F242-4804-808E-9196B77F6D69}.Debug|Any CPU.ActiveCfg = Debug|Any CPU
		{A8CF6516-F242-4804-808E-9196B77F6D69}.Debug|Any CPU.Build.0 = Debug|Any CPU
		{A8CF6516-F242-4804-808E-9196B77F6D69}.Release|Any CPU.ActiveCfg = Release|Any CPU
		{A8CF6516-F242-4804-808E-9196B77F6D69}.Release|Any CPU.Build.0 = Release|Any CPU
	EndGlobalSection
	GlobalSection(SolutionProperties) = preSolution
		HideSolutionNode = FALSE
	EndGlobalSection
	GlobalSection(NestedProjects) = preSolution
		{D6E25CA8-8AA3-4DF9-9EC8-A0DBACFCCC90} = {67B305FE-2B29-48DE-8C62-5EEF898B5AF5}
		{A3080056-7D2B-448E-831E-AD28A188B2AC} = {D6E25CA8-8AA3-4DF9-9EC8-A0DBACFCCC90}
		{E4368040-DEB2-445E-993E-393DDF483B35} = {D6E25CA8-8AA3-4DF9-9EC8-A0DBACFCCC90}
		{54890997-5161-46EC-A305-6B102EF2FAA0} = {67B305FE-2B29-48DE-8C62-5EEF898B5AF5}
		{FD9DFBC9-C3DC-4403-88B3-DEE833E4F2D0} = {54890997-5161-46EC-A305-6B102EF2FAA0}
		{4E3983C0-39D3-4AE1-B4C9-DC13D5B4FA33} = {54890997-5161-46EC-A305-6B102EF2FAA0}
		{D8CA61F0-B56C-482D-8A38-3EA02823C6CC} = {54890997-5161-46EC-A305-6B102EF2FAA0}
		{237C2005-4B32-42D5-A6A9-39A271A09687} = {54890997-5161-46EC-A305-6B102EF2FAA0}
		{14F41A36-7483-4918-BB70-D2D314592DD7} = {67B305FE-2B29-48DE-8C62-5EEF898B5AF5}
		{FCB2C07A-0873-41BA-9369-86A7FA9661DA} = {67B305FE-2B29-48DE-8C62-5EEF898B5AF5}
		{A8CF6516-F242-4804-808E-9196B77F6D69} = {67B305FE-2B29-48DE-8C62-5EEF898B5AF5}
	EndGlobalSection
	GlobalSection(ExtensibilityGlobals) = postSolution
		SolutionGuid = {D3A692CA-F016-4485-A819-9F9C1C844248}
	EndGlobalSection
EndGlobal
